
Microsoft Visual Studio Solution File, Format Version 12.00
# Visual Studio 14
VisualStudioVersion = 14.0.25420.1
MinimumVisualStudioVersion = 10.0.40219.1
Project("{FAE04EC0-301F-11D3-BF4B-00C04F79EFBC}") = "Hackaton.TIM.Bot", "Hackaton.TIM.Bot\Hackaton.TIM.Bot.csproj", "{A8BA1066-5695-4D71-ABB4-65E5A5E0C3D4}"
EndProject
Project("{FAE04EC0-301F-11D3-BF4B-00C04F79EFBC}") = "Tim.ConsultaFatura", "Tim.ConsultaFatura\Tim.ConsultaFatura.csproj", "{689EC88B-3A15-4199-BFA1-D36AF42E6EF2}"
EndProject
Project("{FAE04EC0-301F-11D3-BF4B-00C04F79EFBC}") = "Tim.Servicos", "Tim.Servicos\Tim.Servicos.csproj", "{06495698-CDA6-4888-880B-7A809451EDDC}"
EndProject
Global
	GlobalSection(SolutionConfigurationPlatforms) = preSolution
		Debug|Any CPU = Debug|Any CPU
		Release|Any CPU = Release|Any CPU
	EndGlobalSection
	GlobalSection(ProjectConfigurationPlatforms) = postSolution
		{A8BA1066-5695-4D71-ABB4-65E5A5E0C3D4}.Debug|Any CPU.ActiveCfg = Debug|Any CPU
		{A8BA1066-5695-4D71-ABB4-65E5A5E0C3D4}.Debug|Any CPU.Build.0 = Debug|Any CPU
		{A8BA1066-5695-4D71-ABB4-65E5A5E0C3D4}.Release|Any CPU.ActiveCfg = Release|Any CPU
		{A8BA1066-5695-4D71-ABB4-65E5A5E0C3D4}.Release|Any CPU.Build.0 = Release|Any CPU
		{689EC88B-3A15-4199-BFA1-D36AF42E6EF2}.Debug|Any CPU.ActiveCfg = Debug|Any CPU
		{689EC88B-3A15-4199-BFA1-D36AF42E6EF2}.Debug|Any CPU.Build.0 = Debug|Any CPU
		{689EC88B-3A15-4199-BFA1-D36AF42E6EF2}.Release|Any CPU.ActiveCfg = Release|Any CPU
		{689EC88B-3A15-4199-BFA1-D36AF42E6EF2}.Release|Any CPU.Build.0 = Release|Any CPU
		{06495698-CDA6-4888-880B-7A809451EDDC}.Debug|Any CPU.ActiveCfg = Debug|Any CPU
		{06495698-CDA6-4888-880B-7A809451EDDC}.Debug|Any CPU.Build.0 = Debug|Any CPU
		{06495698-CDA6-4888-880B-7A809451EDDC}.Release|Any CPU.ActiveCfg = Release|Any CPU
		{06495698-CDA6-4888-880B-7A809451EDDC}.Release|Any CPU.Build.0 = Release|Any CPU
	EndGlobalSection
	GlobalSection(SolutionProperties) = preSolution
		HideSolutionNode = FALSE
	EndGlobalSection
EndGlobal
